
Microsoft Visual Studio Solution File, Format Version 12.00
# Visual Studio 15
VisualStudioVersion = 15.0.27130.2024
MinimumVisualStudioVersion = 10.0.40219.1
Project("{FAE04EC0-301F-11D3-BF4B-00C04F79EFBC}") = "01. Debit Card Number", "01. Debit Card Number\01. Debit Card Number.csproj", "{BA947E16-FAFE-4D16-8069-29716DF52E72}"
EndProject
Project("{FAE04EC0-301F-11D3-BF4B-00C04F79EFBC}") = "02. Rectangle Area", "02. Rectangle Area\02. Rectangle Area.csproj", "{1D6911E0-8763-46CE-A0DC-BE7EC871D85D}"
EndProject
Project("{FAE04EC0-301F-11D3-BF4B-00C04F79EFBC}") = "03. Miles to Kilometers", "03. Miles to Kilometers\03. Miles to Kilometers.csproj", "{7E65A811-D52E-4B24-A483-035C2D6D584E}"
EndProject
Project("{FAE04EC0-301F-11D3-BF4B-00C04F79EFBC}") = "04. Beverage Labels", "04. Beverage Labels\04. Beverage Labels.csproj", "{6AA5D50E-10E8-4E28-A34F-DBECFD469910}"
EndProject
Project("{FAE04EC0-301F-11D3-BF4B-00C04F79EFBC}") = "05. Character Stats", "05. Character Stats\05. Character Stats.csproj", "{A9E09798-5131-470D-A13F-0D2B4DA1A2AE}"
EndProject
Global
	GlobalSection(SolutionConfigurationPlatforms) = preSolution
		Debug|Any CPU = Debug|Any CPU
		Release|Any CPU = Release|Any CPU
	EndGlobalSection
	GlobalSection(ProjectConfigurationPlatforms) = postSolution
		{BA947E16-FAFE-4D16-8069-29716DF52E72}.Debug|Any CPU.ActiveCfg = Debug|Any CPU
		{BA947E16-FAFE-4D16-8069-29716DF52E72}.Debug|Any CPU.Build.0 = Debug|Any CPU
		{BA947E16-FAFE-4D16-8069-29716DF52E72}.Release|Any CPU.ActiveCfg = Release|Any CPU
		{BA947E16-FAFE-4D16-8069-29716DF52E72}.Release|Any CPU.Build.0 = Release|Any CPU
		{1D6911E0-8763-46CE-A0DC-BE7EC871D85D}.Debug|Any CPU.ActiveCfg = Debug|Any CPU
		{1D6911E0-8763-46CE-A0DC-BE7EC871D85D}.Debug|Any CPU.Build.0 = Debug|Any CPU
		{1D6911E0-8763-46CE-A0DC-BE7EC871D85D}.Release|Any CPU.ActiveCfg = Release|Any CPU
		{1D6911E0-8763-46CE-A0DC-BE7EC871D85D}.Release|Any CPU.Build.0 = Release|Any CPU
		{7E65A811-D52E-4B24-A483-035C2D6D584E}.Debug|Any CPU.ActiveCfg = Debug|Any CPU
		{7E65A811-D52E-4B24-A483-035C2D6D584E}.Debug|Any CPU.Build.0 = Debug|Any CPU
		{7E65A811-D52E-4B24-A483-035C2D6D584E}.Release|Any CPU.ActiveCfg = Release|Any CPU
		{7E65A811-D52E-4B24-A483-035C2D6D584E}.Release|Any CPU.Build.0 = Release|Any CPU
		{6AA5D50E-10E8-4E28-A34F-DBECFD469910}.Debug|Any CPU.ActiveCfg = Debug|Any CPU
		{6AA5D50E-10E8-4E28-A34F-DBECFD469910}.Debug|Any CPU.Build.0 = Debug|Any CPU
		{6AA5D50E-10E8-4E28-A34F-DBECFD469910}.Release|Any CPU.ActiveCfg = Release|Any CPU
		{6AA5D50E-10E8-4E28-A34F-DBECFD469910}.Release|Any CPU.Build.0 = Release|Any CPU
		{A9E09798-5131-470D-A13F-0D2B4DA1A2AE}.Debug|Any CPU.ActiveCfg = Debug|Any CPU
		{A9E09798-5131-470D-A13F-0D2B4DA1A2AE}.Debug|Any CPU.Build.0 = Debug|Any CPU
		{A9E09798-5131-470D-A13F-0D2B4DA1A2AE}.Release|Any CPU.ActiveCfg = Release|Any CPU
		{A9E09798-5131-470D-A13F-0D2B4DA1A2AE}.Release|Any CPU.Build.0 = Release|Any CPU
	EndGlobalSection
	GlobalSection(SolutionProperties) = preSolution
		HideSolutionNode = FALSE
	EndGlobalSection
	GlobalSection(ExtensibilityGlobals) = postSolution
		SolutionGuid = {ED8F135C-6D02-4848-B8C6-9398D0EEBF1D}
	EndGlobalSection
EndGlobal
